
Microsoft Visual Studio Solution File, Format Version 12.00
# Visual Studio Version 16
VisualStudioVersion = 16.0.31515.178
MinimumVisualStudioVersion = 10.0.40219.1
Project("{9A19103F-16F7-4668-BE54-9A1E7A4F7556}") = "ZTT.XSS.Prevention.BasicDetection", "ZTT.XSS.Prevention.BasicDetection\ZTT.XSS.Prevention.BasicDetection.csproj", "{B6C079DC-A4F1-4034-985D-077160516B72}"
EndProject
Project("{9A19103F-16F7-4668-BE54-9A1E7A4F7556}") = "ZTT.XSS.Prevention.Full", "ZTT.XSS.Prevention.Full\ZTT.XSS.Prevention.Full.csproj", "{C12F38A8-B077-41F5-A986-3B1A68F817FB}"
EndProject
Global
	GlobalSection(SolutionConfigurationPlatforms) = preSolution
		Debug|Any CPU = Debug|Any CPU
		Release|Any CPU = Release|Any CPU
	EndGlobalSection
	GlobalSection(ProjectConfigurationPlatforms) = postSolution
		{B6C079DC-A4F1-4034-985D-077160516B72}.Debug|Any CPU.ActiveCfg = Debug|Any CPU
		{B6C079DC-A4F1-4034-985D-077160516B72}.Debug|Any CPU.Build.0 = Debug|Any CPU
		{B6C079DC-A4F1-4034-985D-077160516B72}.Release|Any CPU.ActiveCfg = Release|Any CPU
		{B6C079DC-A4F1-4034-985D-077160516B72}.Release|Any CPU.Build.0 = Release|Any CPU
		{C12F38A8-B077-41F5-A986-3B1A68F817FB}.Debug|Any CPU.ActiveCfg = Debug|Any CPU
		{C12F38A8-B077-41F5-A986-3B1A68F817FB}.Debug|Any CPU.Build.0 = Debug|Any CPU
		{C12F38A8-B077-41F5-A986-3B1A68F817FB}.Release|Any CPU.ActiveCfg = Release|Any CPU
		{C12F38A8-B077-41F5-A986-3B1A68F817FB}.Release|Any CPU.Build.0 = Release|Any CPU
	EndGlobalSection
	GlobalSection(SolutionProperties) = preSolution
		HideSolutionNode = FALSE
	EndGlobalSection
	GlobalSection(ExtensibilityGlobals) = postSolution
		SolutionGuid = {BE1FE31E-4867-4AF9-A1E8-4946217945D2}
	EndGlobalSection
EndGlobal
